# This file is generated by running "yarn install" inside your project.
# Manual changes might be lost - proceed with caution!

__metadata:
  version: 6
  cacheKey: 8

"@esbuild/android-arm64@npm:0.16.1":
  version: 0.16.1
  resolution: "@esbuild/android-arm64@npm:0.16.1"
  conditions: os=android & cpu=arm64
  languageName: node
  linkType: hard

"@esbuild/android-arm@npm:0.16.1":
  version: 0.16.1
  resolution: "@esbuild/android-arm@npm:0.16.1"
  conditions: os=android & cpu=arm
  languageName: node
  linkType: hard

"@esbuild/android-x64@npm:0.16.1":
  version: 0.16.1
  resolution: "@esbuild/android-x64@npm:0.16.1"
  conditions: os=android & cpu=x64
  languageName: node
  linkType: hard

"@esbuild/darwin-arm64@npm:0.16.1":
  version: 0.16.1
  resolution: "@esbuild/darwin-arm64@npm:0.16.1"
  conditions: os=darwin & cpu=arm64
  languageName: node
  linkType: hard

"@esbuild/darwin-x64@npm:0.16.1":
  version: 0.16.1
  resolution: "@esbuild/darwin-x64@npm:0.16.1"
  conditions: os=darwin & cpu=x64
  languageName: node
  linkType: hard

"@esbuild/freebsd-arm64@npm:0.16.1":
  version: 0.16.1
  resolution: "@esbuild/freebsd-arm64@npm:0.16.1"
  conditions: os=freebsd & cpu=arm64
  languageName: node
  linkType: hard

"@esbuild/freebsd-x64@npm:0.16.1":
  version: 0.16.1
  resolution: "@esbuild/freebsd-x64@npm:0.16.1"
  conditions: os=freebsd & cpu=x64
  languageName: node
  linkType: hard

"@esbuild/linux-arm64@npm:0.16.1":
  version: 0.16.1
  resolution: "@esbuild/linux-arm64@npm:0.16.1"
  conditions: os=linux & cpu=arm64
  languageName: node
  linkType: hard

"@esbuild/linux-arm@npm:0.16.1":
  version: 0.16.1
  resolution: "@esbuild/linux-arm@npm:0.16.1"
  conditions: os=linux & cpu=arm
  languageName: node
  linkType: hard

"@esbuild/linux-ia32@npm:0.16.1":
  version: 0.16.1
  resolution: "@esbuild/linux-ia32@npm:0.16.1"
  conditions: os=linux & cpu=ia32
  languageName: node
  linkType: hard

"@esbuild/linux-loong64@npm:0.16.1":
  version: 0.16.1
  resolution: "@esbuild/linux-loong64@npm:0.16.1"
  conditions: os=linux & cpu=loong64
  languageName: node
  linkType: hard

"@esbuild/linux-mips64el@npm:0.16.1":
  version: 0.16.1
  resolution: "@esbuild/linux-mips64el@npm:0.16.1"
  conditions: os=linux & cpu=mips64el
  languageName: node
  linkType: hard

"@esbuild/linux-ppc64@npm:0.16.1":
  version: 0.16.1
  resolution: "@esbuild/linux-ppc64@npm:0.16.1"
  conditions: os=linux & cpu=ppc64
  languageName: node
  linkType: hard

"@esbuild/linux-riscv64@npm:0.16.1":
  version: 0.16.1
  resolution: "@esbuild/linux-riscv64@npm:0.16.1"
  conditions: os=linux & cpu=riscv64
  languageName: node
  linkType: hard

"@esbuild/linux-s390x@npm:0.16.1":
  version: 0.16.1
  resolution: "@esbuild/linux-s390x@npm:0.16.1"
  conditions: os=linux & cpu=s390x
  languageName: node
  linkType: hard

"@esbuild/linux-x64@npm:0.16.1":
  version: 0.16.1
  resolution: "@esbuild/linux-x64@npm:0.16.1"
  conditions: os=linux & cpu=x64
  languageName: node
  linkType: hard

"@esbuild/netbsd-x64@npm:0.16.1":
  version: 0.16.1
  resolution: "@esbuild/netbsd-x64@npm:0.16.1"
  conditions: os=netbsd & cpu=x64
  languageName: node
  linkType: hard

"@esbuild/openbsd-x64@npm:0.16.1":
  version: 0.16.1
  resolution: "@esbuild/openbsd-x64@npm:0.16.1"
  conditions: os=openbsd & cpu=x64
  languageName: node
  linkType: hard

"@esbuild/sunos-x64@npm:0.16.1":
  version: 0.16.1
  resolution: "@esbuild/sunos-x64@npm:0.16.1"
  conditions: os=sunos & cpu=x64
  languageName: node
  linkType: hard

"@esbuild/win32-arm64@npm:0.16.1":
  version: 0.16.1
  resolution: "@esbuild/win32-arm64@npm:0.16.1"
  conditions: os=win32 & cpu=arm64
  languageName: node
  linkType: hard

"@esbuild/win32-ia32@npm:0.16.1":
  version: 0.16.1
  resolution: "@esbuild/win32-ia32@npm:0.16.1"
  conditions: os=win32 & cpu=ia32
  languageName: node
  linkType: hard

"@esbuild/win32-x64@npm:0.16.1":
  version: 0.16.1
  resolution: "@esbuild/win32-x64@npm:0.16.1"
  conditions: os=win32 & cpu=x64
  languageName: node
  linkType: hard

"@types/prettier@npm:^2":
  version: 2.7.1
  resolution: "@types/prettier@npm:2.7.1"
  checksum: 5e3f58e229d6c73b5f5cae2e8f96c1c4a5b5805f83459e17a045ba8e96152b1d38e86b63e3172fb159dac923388699660862b75b2d37e54220805f0e691e26f1
  languageName: node
  linkType: hard

"@types/prop-types@npm:*":
  version: 15.7.5
  resolution: "@types/prop-types@npm:15.7.5"
  checksum: 5b43b8b15415e1f298243165f1d44390403bb2bd42e662bca3b5b5633fdd39c938e91b7fce3a9483699db0f7a715d08cef220c121f723a634972fdf596aec980
  languageName: node
  linkType: hard

"@types/react-dom@npm:^18.0.9":
  version: 18.0.9
  resolution: "@types/react-dom@npm:18.0.9"
  dependencies:
    "@types/react": "npm:*"
  checksum: e744e3feba25fc43733289d4df4d9c0e59fcca7f34e8c89d75f81a339accb2bd70236d69382d47d2c0ad06a1529b2e56aa6171fe175854d60e07156ddceedfcb
  languageName: node
  linkType: hard

"@types/react@npm:*, @types/react@npm:^18.0.26":
  version: 18.0.26
  resolution: "@types/react@npm:18.0.26"
  dependencies:
    "@types/prop-types": "npm:*"
    "@types/scheduler": "npm:*"
    csstype: "npm:^3.0.2"
  checksum: b62f0ea3cdfa68e106391728325057ad36f1bde7ba2dfae029472c47e01e482bc77c6ba4f1dad59f3f04ee81cb597618ff7c30a33c157c0a20462b6dd6aa2d4d
  languageName: node
  linkType: hard

"@types/scheduler@npm:*":
  version: 0.16.2
  resolution: "@types/scheduler@npm:0.16.2"
  checksum: b6b4dcfeae6deba2e06a70941860fb1435730576d3689225a421280b7742318d1548b3d22c1f66ab68e414f346a9542f29240bc955b6332c5b11e561077583bc
  languageName: node
  linkType: hard

"cross-env@npm:^7.0.3":
  version: 7.0.3
  resolution: "cross-env@npm:7.0.3"
  dependencies:
    cross-spawn: ^7.0.1
  bin:
    cross-env: src/bin/cross-env.js
    cross-env-shell: src/bin/cross-env-shell.js
  checksum: 26f2f3ea2ab32617f57effb70d329c2070d2f5630adc800985d8b30b56e8bf7f5f439dd3a0358b79cee6f930afc23cf8e23515f17ccfb30092c6b62c6b630a79
  languageName: node
  linkType: hard

"cross-spawn@npm:^7.0.1":
  version: 7.0.3
  resolution: "cross-spawn@npm:7.0.3"
  dependencies:
    path-key: ^3.1.0
    shebang-command: ^2.0.0
    which: ^2.0.1
  checksum: 671cc7c7288c3a8406f3c69a3ae2fc85555c04169e9d611def9a675635472614f1c0ed0ef80955d5b6d4e724f6ced67f0ad1bb006c2ea643488fcfef994d7f52
  languageName: node
  linkType: hard

"csstype@npm:^3.0.2":
  version: 3.1.1
  resolution: "csstype@npm:3.1.1"
  checksum: 1f7b4f5fdd955b7444b18ebdddf3f5c699159f13e9cf8ac9027ae4a60ae226aef9bbb14a6e12ca7dba3358b007cee6354b116e720262867c398de6c955ea451d
  languageName: node
  linkType: hard

"curve-similarity-toy@workspace:.":
  version: 0.0.0-use.local
  resolution: "curve-similarity-toy@workspace:."
  dependencies:
    "@types/prettier": ^2
    "@types/react": ^18.0.26
    "@types/react-dom": ^18.0.9
    cross-env: ^7.0.3
    esbuild: ^0.16.1
    prettier: ^2.8.1
    react: ^18.2.0
    react-dom: ^18.2.0
    tsc: ^2.0.4
    typescript: 4.9.3
  languageName: unknown
  linkType: soft

"esbuild@npm:^0.16.1":
  version: 0.16.1
  resolution: "esbuild@npm:0.16.1"
  dependencies:
    "@esbuild/android-arm": "npm:0.16.1"
    "@esbuild/android-arm64": "npm:0.16.1"
    "@esbuild/android-x64": "npm:0.16.1"
    "@esbuild/darwin-arm64": "npm:0.16.1"
    "@esbuild/darwin-x64": "npm:0.16.1"
    "@esbuild/freebsd-arm64": "npm:0.16.1"
    "@esbuild/freebsd-x64": "npm:0.16.1"
    "@esbuild/linux-arm": "npm:0.16.1"
    "@esbuild/linux-arm64": "npm:0.16.1"
    "@esbuild/linux-ia32": "npm:0.16.1"
    "@esbuild/linux-loong64": "npm:0.16.1"
    "@esbuild/linux-mips64el": "npm:0.16.1"
    "@esbuild/linux-ppc64": "npm:0.16.1"
    "@esbuild/linux-riscv64": "npm:0.16.1"
    "@esbuild/linux-s390x": "npm:0.16.1"
    "@esbuild/linux-x64": "npm:0.16.1"
    "@esbuild/netbsd-x64": "npm:0.16.1"
    "@esbuild/openbsd-x64": "npm:0.16.1"
    "@esbuild/sunos-x64": "npm:0.16.1"
    "@esbuild/win32-arm64": "npm:0.16.1"
    "@esbuild/win32-ia32": "npm:0.16.1"
    "@esbuild/win32-x64": "npm:0.16.1"
  dependenciesMeta:
    "@esbuild/android-arm":
      optional: true
    "@esbuild/android-arm64":
      optional: true
    "@esbuild/android-x64":
      optional: true
    "@esbuild/darwin-arm64":
      optional: true
    "@esbuild/darwin-x64":
      optional: true
    "@esbuild/freebsd-arm64":
      optional: true
    "@esbuild/freebsd-x64":
      optional: true
    "@esbuild/linux-arm":
      optional: true
    "@esbuild/linux-arm64":
      optional: true
    "@esbuild/linux-ia32":
      optional: true
    "@esbuild/linux-loong64":
      optional: true
    "@esbuild/linux-mips64el":
      optional: true
    "@esbuild/linux-ppc64":
      optional: true
    "@esbuild/linux-riscv64":
      optional: true
    "@esbuild/linux-s390x":
      optional: true
    "@esbuild/linux-x64":
      optional: true
    "@esbuild/netbsd-x64":
      optional: true
    "@esbuild/openbsd-x64":
      optional: true
    "@esbuild/sunos-x64":
      optional: true
    "@esbuild/win32-arm64":
      optional: true
    "@esbuild/win32-ia32":
      optional: true
    "@esbuild/win32-x64":
      optional: true
  bin:
    esbuild: bin/esbuild
  checksum: 0644b31f0f7993fe2e9141e2f1a63f84dcd1bbc2f9652b07418d7c3a3631fcbfdf0b70c456f6ca5b33044850cf408deacef3e51e164420bf855cbbbbb7c9cd76
  languageName: node
  linkType: hard

"isexe@npm:^2.0.0":
  version: 2.0.0
  resolution: "isexe@npm:2.0.0"
  checksum: 26bf6c5480dda5161c820c5b5c751ae1e766c587b1f951ea3fcfc973bafb7831ae5b54a31a69bd670220e42e99ec154475025a468eae58ea262f813fdc8d1c62
  languageName: node
  linkType: hard

"js-tokens@npm:^3.0.0 || ^4.0.0":
  version: 4.0.0
  resolution: "js-tokens@npm:4.0.0"
  checksum: 8a95213a5a77deb6cbe94d86340e8d9ace2b93bc367790b260101d2f36a2eaf4e4e22d9fa9cf459b38af3a32fb4190e638024cf82ec95ef708680e405ea7cc78
  languageName: node
  linkType: hard

"loose-envify@npm:^1.1.0":
  version: 1.4.0
  resolution: "loose-envify@npm:1.4.0"
  dependencies:
    js-tokens: "npm:^3.0.0 || ^4.0.0"
  bin:
    loose-envify: cli.js
  checksum: 6517e24e0cad87ec9888f500c5b5947032cdfe6ef65e1c1936a0c48a524b81e65542c9c3edc91c97d5bddc806ee2a985dbc79be89215d613b1de5db6d1cfe6f4
  languageName: node
  linkType: hard

"path-key@npm:^3.1.0":
  version: 3.1.1
  resolution: "path-key@npm:3.1.1"
  checksum: 55cd7a9dd4b343412a8386a743f9c746ef196e57c823d90ca3ab917f90ab9f13dd0ded27252ba49dbdfcab2b091d998bc446f6220cd3cea65db407502a740020
  languageName: node
  linkType: hard

"prettier@npm:^2.8.1":
  version: 2.8.1
  resolution: "prettier@npm:2.8.1"
  bin:
    prettier: bin-prettier.js
  checksum: 4f21a0f1269f76fb36f54e9a8a1ea4c11e27478958bf860661fb4b6d7ac69aac1581f8724fa98ea3585e56d42a2ea317a17ff6e3324f40cb11ff9e20b73785cc
  languageName: node
  linkType: hard

"react-dom@npm:^18.2.0":
  version: 18.2.0
  resolution: "react-dom@npm:18.2.0"
  dependencies:
    loose-envify: "npm:^1.1.0"
    scheduler: "npm:^0.23.0"
  peerDependencies:
    react: ^18.2.0
  checksum: 7d323310bea3a91be2965f9468d552f201b1c27891e45ddc2d6b8f717680c95a75ae0bc1e3f5cf41472446a2589a75aed4483aee8169287909fcd59ad149e8cc
  languageName: node
  linkType: hard

"react@npm:^18.2.0":
  version: 18.2.0
  resolution: "react@npm:18.2.0"
  dependencies:
    loose-envify: "npm:^1.1.0"
  checksum: 88e38092da8839b830cda6feef2e8505dec8ace60579e46aa5490fc3dc9bba0bd50336507dc166f43e3afc1c42939c09fe33b25fae889d6f402721dcd78fca1b
  languageName: node
  linkType: hard

"scheduler@npm:^0.23.0":
  version: 0.23.0
  resolution: "scheduler@npm:0.23.0"
  dependencies:
    loose-envify: "npm:^1.1.0"
  checksum: d79192eeaa12abef860c195ea45d37cbf2bbf5f66e3c4dcd16f54a7da53b17788a70d109ee3d3dde1a0fd50e6a8fc171f4300356c5aee4fc0171de526bf35f8a
  languageName: node
  linkType: hard

"shebang-command@npm:^2.0.0":
  version: 2.0.0
  resolution: "shebang-command@npm:2.0.0"
  dependencies:
    shebang-regex: ^3.0.0
  checksum: 6b52fe87271c12968f6a054e60f6bde5f0f3d2db483a1e5c3e12d657c488a15474121a1d55cd958f6df026a54374ec38a4a963988c213b7570e1d51575cea7fa
  languageName: node
  linkType: hard

"shebang-regex@npm:^3.0.0":
  version: 3.0.0
  resolution: "shebang-regex@npm:3.0.0"
  checksum: 1a2bcae50de99034fcd92ad4212d8e01eedf52c7ec7830eedcf886622804fe36884278f2be8be0ea5fde3fd1c23911643a4e0f726c8685b61871c8908af01222
  languageName: node
  linkType: hard

"tsc@npm:^2.0.4":
  version: 2.0.4
  resolution: "tsc@npm:2.0.4"
  bin:
    tsc: bin/tsc
  checksum: 50b10240887424c66454687f0fca4e319713b35cb44f0dab228719eb4dd757251f83c3d79e60d29dfbe90c2d6f1272f793b83e75a9fca2c622b4213ad3eb8cb1
  languageName: node
  linkType: hard

"typescript@npm:4.9.3":
  version: 4.9.3
  resolution: "typescript@npm:4.9.3"
  bin:
    tsc: bin/tsc
    tsserver: bin/tsserver
  checksum: 17b8f816050b412403e38d48eef0e893deb6be522d6dc7caf105e54a72e34daf6835c447735fd2b28b66784e72bfbf87f627abb4818a8e43d1fa8106396128dc
  languageName: node
  linkType: hard

"typescript@patch:typescript@4.9.3#~builtin<compat/typescript>":
  version: 4.9.3
  resolution: "typescript@patch:typescript@npm%3A4.9.3#~builtin<compat/typescript>::version=4.9.3&hash=d73830"
  bin:
    tsc: bin/tsc
    tsserver: bin/tsserver
  checksum: 67ca21a387c0572f1c04936e638dde7782c5aa520c3754aadc7cc9b7c915da9ebc3e27c601bfff4ccb7d7264e82dce6d277ada82ec09dc75024349e0ef64926d
  languageName: node
  linkType: hard

"which@npm:^2.0.1":
  version: 2.0.2
  resolution: "which@npm:2.0.2"
  dependencies:
    isexe: ^2.0.0
  bin:
    node-which: ./bin/node-which
  checksum: 1a5c563d3c1b52d5f893c8b61afe11abc3bab4afac492e8da5bde69d550de701cf9806235f20a47b5c8fa8a1d6a9135841de2596535e998027a54589000e66d1
  languageName: node
  linkType: hard
